
Microsoft Visual Studio Solution File, Format Version 12.00
# Visual Studio Version 17
VisualStudioVersion = 17.10.34916.146
MinimumVisualStudioVersion = 10.0.40219.1
Project("{FAE04EC0-301F-11D3-BF4B-00C04F79EFBC}") = "DBFA_CRUD", "DBFA_CRUD\DBFA_CRUD.csproj", "{8A2FC22B-3F13-47BD-BE72-B9A07883EB83}"
EndProject
Global
	GlobalSection(SolutionConfigurationPlatforms) = preSolution
		Debug|Any CPU = Debug|Any CPU
		Release|Any CPU = Release|Any CPU
	EndGlobalSection
	GlobalSection(ProjectConfigurationPlatforms) = postSolution
		{8A2FC22B-3F13-47BD-BE72-B9A07883EB83}.Debug|Any CPU.ActiveCfg = Debug|Any CPU
		{8A2FC22B-3F13-47BD-BE72-B9A07883EB83}.Debug|Any CPU.Build.0 = Debug|Any CPU
		{8A2FC22B-3F13-47BD-BE72-B9A07883EB83}.Release|Any CPU.ActiveCfg = Release|Any CPU
		{8A2FC22B-3F13-47BD-BE72-B9A07883EB83}.Release|Any CPU.Build.0 = Release|Any CPU
	EndGlobalSection
	GlobalSection(SolutionProperties) = preSolution
		HideSolutionNode = FALSE
	EndGlobalSection
	GlobalSection(ExtensibilityGlobals) = postSolution
		SolutionGuid = {6D0BA919-8A33-4ECE-8DFE-CB430F7F7310}
	EndGlobalSection
EndGlobal
